{
  "object": {
    "pins": [
      {
        "package": "Rainbow",
        "repositoryURL": "https://github.com/onevcat/Rainbow",
        "state": {
          "branch": null,
          "revision": "797a68d0a642609424b08f11eb56974a54d5f6e2",
          "version": "3.1.4"
        }
      },
      {
        "package": "SWXMLHash",
        "repositoryURL": "https://github.com/drmohundro/SWXMLHash.git",
        "state": {
          "branch": null,
          "revision": "9ba116841126f6c63435beef21a4cd247c32d2e7",
          "version": "4.7.6"
        }
      }
    ]
  },
  "version": 1
}
